lockfileVersion: '9.0'

settings:
  autoInstallPeers: true
  excludeLinksFromLockfile: false

importers:

  .:
    devDependencies:
      '@cloudflare/workers-types':
        specifier: ^4.20260215.0
        version: 4.20260228.0
      typescript:
        specifier: ^5.9.3
        version: 5.9.3

packages:

  '@cloudflare/workers-types@4.20260228.0':
    resolution: {integrity: sha512-9LfRg93ncQq6Oc4MFpqGSs+PmPhqWvg8TspXwbiYNR201IhXB4WqHR/aTSudPI0ujsf/NLc8E9fF3C+aA2g8KQ==}

  typescript@5.9.3:
    resolution: {integrity: sha512-jl1vZzPDinLr9eUt3J/t7V6FgNEw9QjvBPdysz9KfQDD41fQrC2Y4vKQdiaUpFT4bXlb1RHhLpp8wtm6M5TgSw==}
    engines: {node: '>=14.17'}
    hasBin: true

snapshots:

  '@cloudflare/workers-types@4.20260228.0': {}

  typescript@5.9.3: {}
